
Microsoft Visual Studio Solution File, Format Version 12.00
Project("{FAE04EC0-301F-11D3-BF4B-00C04F79EFBC}") = "SuperHeroAPI", "SuperHeroAPI\SuperHeroAPI.csproj", "{D29E421E-98D5-400A-8E39-7EC0EF66F298}"
EndProject
Global
	GlobalSection(SolutionConfigurationPlatforms) = preSolution
		Debug|Any CPU = Debug|Any CPU
		Release|Any CPU = Release|Any CPU
	EndGlobalSection
	GlobalSection(ProjectConfigurationPlatforms) = postSolution
		{D29E421E-98D5-400A-8E39-7EC0EF66F298}.Debug|Any CPU.ActiveCfg = Debug|Any CPU
		{D29E421E-98D5-400A-8E39-7EC0EF66F298}.Debug|Any CPU.Build.0 = Debug|Any CPU
		{D29E421E-98D5-400A-8E39-7EC0EF66F298}.Release|Any CPU.ActiveCfg = Release|Any CPU
		{D29E421E-98D5-400A-8E39-7EC0EF66F298}.Release|Any CPU.Build.0 = Release|Any CPU
	EndGlobalSection
EndGlobal
